
Microsoft Visual Studio Solution File, Format Version 12.00
# Visual Studio Version 16
VisualStudioVersion = 16.0.29905.134
MinimumVisualStudioVersion = 10.0.40219.1
Project("{FAE04EC0-301F-11D3-BF4B-00C04F79EFBC}") = "Intercom.Droid.Composer", "Intercom.Droid.Composer\Intercom.Droid.Composer.csproj", "{0A4467AD-32FE-4BD4-AA14-A092A0127284}"
EndProject
Project("{FAE04EC0-301F-11D3-BF4B-00C04F79EFBC}") = "Intercom.Droid.Composer.Gallery", "Intercom.Droid.Composer.Gallery\Intercom.Droid.Composer.Gallery.csproj", "{6249B95C-AF76-4078-8D37-843DBC392D59}"
EndProject
Project("{FAE04EC0-301F-11D3-BF4B-00C04F79EFBC}") = "Intercom.Droid.SDK.Base", "Intercom.Droid.SDK.Base\Intercom.Droid.SDK.Base.csproj", "{D00D679D-DB30-42D8-A459-F63AF63E8137}"
EndProject
Project("{FAE04EC0-301F-11D3-BF4B-00C04F79EFBC}") = "Intercom.Droid.SDK.FCM", "Intercom.Droid.SDK.FCM\Intercom.Droid.SDK.FCM.csproj", "{CD7213C4-31FD-4976-A74A-B94E6D00907F}"
EndProject
Global
	GlobalSection(SolutionConfigurationPlatforms) = preSolution
		Debug|Any CPU = Debug|Any CPU
		Debug|iPhone = Debug|iPhone
		Debug|iPhoneSimulator = Debug|iPhoneSimulator
		Release|Any CPU = Release|Any CPU
		Release|iPhone = Release|iPhone
		Release|iPhoneSimulator = Release|iPhoneSimulator
	EndGlobalSection
	GlobalSection(ProjectConfigurationPlatforms) = postSolution
		{0A4467AD-32FE-4BD4-AA14-A092A0127284}.Debug|Any CPU.ActiveCfg = Debug|Any CPU
		{0A4467AD-32FE-4BD4-AA14-A092A0127284}.Debug|Any CPU.Build.0 = Debug|Any CPU
		{0A4467AD-32FE-4BD4-AA14-A092A0127284}.Debug|iPhone.ActiveCfg = Debug|Any CPU
		{0A4467AD-32FE-4BD4-AA14-A092A0127284}.Debug|iPhone.Build.0 = Debug|Any CPU
		{0A4467AD-32FE-4BD4-AA14-A092A0127284}.Debug|iPhoneSimulator.ActiveCfg = Debug|Any CPU
		{0A4467AD-32FE-4BD4-AA14-A092A0127284}.Debug|iPhoneSimulator.Build.0 = Debug|Any CPU
		{0A4467AD-32FE-4BD4-AA14-A092A0127284}.Release|Any CPU.ActiveCfg = Release|Any CPU
		{0A4467AD-32FE-4BD4-AA14-A092A0127284}.Release|Any CPU.Build.0 = Release|Any CPU
		{0A4467AD-32FE-4BD4-AA14-A092A0127284}.Release|iPhone.ActiveCfg = Release|Any CPU
		{0A4467AD-32FE-4BD4-AA14-A092A0127284}.Release|iPhone.Build.0 = Release|Any CPU
		{0A4467AD-32FE-4BD4-AA14-A092A0127284}.Release|iPhoneSimulator.ActiveCfg = Release|Any CPU
		{0A4467AD-32FE-4BD4-AA14-A092A0127284}.Release|iPhoneSimulator.Build.0 = Release|Any CPU
		{6249B95C-AF76-4078-8D37-843DBC392D59}.Debug|Any CPU.ActiveCfg = Debug|Any CPU
		{6249B95C-AF76-4078-8D37-843DBC392D59}.Debug|Any CPU.Build.0 = Debug|Any CPU
		{6249B95C-AF76-4078-8D37-843DBC392D59}.Debug|iPhone.ActiveCfg = Debug|Any CPU
		{6249B95C-AF76-4078-8D37-843DBC392D59}.Debug|iPhone.Build.0 = Debug|Any CPU
		{6249B95C-AF76-4078-8D37-843DBC392D59}.Debug|iPhoneSimulator.ActiveCfg = Debug|Any CPU
		{6249B95C-AF76-4078-8D37-843DBC392D59}.Debug|iPhoneSimulator.Build.0 = Debug|Any CPU
		{6249B95C-AF76-4078-8D37-843DBC392D59}.Release|Any CPU.ActiveCfg = Release|Any CPU
		{6249B95C-AF76-4078-8D37-843DBC392D59}.Release|Any CPU.Build.0 = Release|Any CPU
		{6249B95C-AF76-4078-8D37-843DBC392D59}.Release|iPhone.ActiveCfg = Release|Any CPU
		{6249B95C-AF76-4078-8D37-843DBC392D59}.Release|iPhone.Build.0 = Release|Any CPU
		{6249B95C-AF76-4078-8D37-843DBC392D59}.Release|iPhoneSimulator.ActiveCfg = Release|Any CPU
		{6249B95C-AF76-4078-8D37-843DBC392D59}.Release|iPhoneSimulator.Build.0 = Release|Any CPU
		{D00D679D-DB30-42D8-A459-F63AF63E8137}.Debug|Any CPU.ActiveCfg = Debug|Any CPU
		{D00D679D-DB30-42D8-A459-F63AF63E8137}.Debug|Any CPU.Build.0 = Debug|Any CPU
		{D00D679D-DB30-42D8-A459-F63AF63E8137}.Debug|iPhone.ActiveCfg = Debug|Any CPU
		{D00D679D-DB30-42D8-A459-F63AF63E8137}.Debug|iPhone.Build.0 = Debug|Any CPU
		{D00D679D-DB30-42D8-A459-F63AF63E8137}.Debug|iPhoneSimulator.ActiveCfg = Debug|Any CPU
		{D00D679D-DB30-42D8-A459-F63AF63E8137}.Debug|iPhoneSimulator.Build.0 = Debug|Any CPU
		{D00D679D-DB30-42D8-A459-F63AF63E8137}.Release|Any CPU.ActiveCfg = Release|Any CPU
		{D00D679D-DB30-42D8-A459-F63AF63E8137}.Release|Any CPU.Build.0 = Release|Any CPU
		{D00D679D-DB30-42D8-A459-F63AF63E8137}.Release|iPhone.ActiveCfg = Release|Any CPU
		{D00D679D-DB30-42D8-A459-F63AF63E8137}.Release|iPhone.Build.0 = Release|Any CPU
		{D00D679D-DB30-42D8-A459-F63AF63E8137}.Release|iPhoneSimulator.ActiveCfg = Release|Any CPU
		{D00D679D-DB30-42D8-A459-F63AF63E8137}.Release|iPhoneSimulator.Build.0 = Release|Any CPU
		{CD7213C4-31FD-4976-A74A-B94E6D00907F}.Debug|Any CPU.ActiveCfg = Debug|Any CPU
		{CD7213C4-31FD-4976-A74A-B94E6D00907F}.Debug|Any CPU.Build.0 = Debug|Any CPU
		{CD7213C4-31FD-4976-A74A-B94E6D00907F}.Debug|iPhone.ActiveCfg = Debug|Any CPU
		{CD7213C4-31FD-4976-A74A-B94E6D00907F}.Debug|iPhone.Build.0 = Debug|Any CPU
		{CD7213C4-31FD-4976-A74A-B94E6D00907F}.Debug|iPhoneSimulator.ActiveCfg = Debug|Any CPU
		{CD7213C4-31FD-4976-A74A-B94E6D00907F}.Debug|iPhoneSimulator.Build.0 = Debug|Any CPU
		{CD7213C4-31FD-4976-A74A-B94E6D00907F}.Release|Any CPU.ActiveCfg = Release|Any CPU
		{CD7213C4-31FD-4976-A74A-B94E6D00907F}.Release|Any CPU.Build.0 = Release|Any CPU
		{CD7213C4-31FD-4976-A74A-B94E6D00907F}.Release|iPhone.ActiveCfg = Release|Any CPU
		{CD7213C4-31FD-4976-A74A-B94E6D00907F}.Release|iPhone.Build.0 = Release|Any CPU
		{CD7213C4-31FD-4976-A74A-B94E6D00907F}.Release|iPhoneSimulator.ActiveCfg = Release|Any CPU
		{CD7213C4-31FD-4976-A74A-B94E6D00907F}.Release|iPhoneSimulator.Build.0 = Release|Any CPU
	EndGlobalSection
	GlobalSection(SolutionProperties) = preSolution
		HideSolutionNode = FALSE
	EndGlobalSection
	GlobalSection(ExtensibilityGlobals) = postSolution
		SolutionGuid = {08686DB1-BBE0-4EDF-9CB0-D3602A18906E}
	EndGlobalSection
EndGlobal
